
Microsoft Visual Studio Solution File, Format Version 12.00
# Visual Studio Version 17
VisualStudioVersion = 17.4.33110.190
MinimumVisualStudioVersion = 10.0.40219.1
Project("{8BC9CEB8-8B4A-11D0-8D11-00A0C91BC942}") = "P2W MW2 WIP", "P2W MW2 WIP.vcxproj", "{F93A8097-B203-4F49-84B2-8F8C96D618BA}"
EndProject
Global
	GlobalSection(SolutionConfigurationPlatforms) = preSolution
		Debug|x64 = Debug|x64
		Debug|x86 = Debug|x86
		Release|x64 = Release|x64
		Release|x86 = Release|x86
	EndGlobalSection
	GlobalSection(ProjectConfigurationPlatforms) = postSolution
		{F93A8097-B203-4F49-84B2-8F8C96D618BA}.Debug|x64.ActiveCfg = Debug|x64
		{F93A8097-B203-4F49-84B2-8F8C96D618BA}.Debug|x64.Build.0 = Debug|x64
		{F93A8097-B203-4F49-84B2-8F8C96D618BA}.Debug|x86.ActiveCfg = Debug|Win32
		{F93A8097-B203-4F49-84B2-8F8C96D618BA}.Debug|x86.Build.0 = Debug|Win32
		{F93A8097-B203-4F49-84B2-8F8C96D618BA}.Release|x64.ActiveCfg = Release|x64
		{F93A8097-B203-4F49-84B2-8F8C96D618BA}.Release|x64.Build.0 = Release|x64
		{F93A8097-B203-4F49-84B2-8F8C96D618BA}.Release|x86.ActiveCfg = Release|Win32
		{F93A8097-B203-4F49-84B2-8F8C96D618BA}.Release|x86.Build.0 = Release|Win32
	EndGlobalSection
	GlobalSection(SolutionProperties) = preSolution
		HideSolutionNode = FALSE
	EndGlobalSection
	GlobalSection(ExtensibilityGlobals) = postSolution
		SolutionGuid = {DFB54D28-AD5C-4998-8B1B-D65DE22B9A26}
	EndGlobalSection
EndGlobal
